
Microsoft Visual Studio Solution File, Format Version 12.00
# Visual Studio Version 17
VisualStudioVersion = 17.14.36109.1
MinimumVisualStudioVersion = 10.0.40219.1
Project("{FAE04EC0-301F-11D3-BF4B-00C04F79EFBC}") = "LockFlow.LoadTest", "LockFlow.LoadTest\LockFlow.LoadTest.csproj", "{E3D260E0-B66A-B753-ACBE-C6FE9C70EF7D}"
EndProject
Project("{FAE04EC0-301F-11D3-BF4B-00C04F79EFBC}") = "LockFlow.OrderService", "LockFlow.OrderService\LockFlow.OrderService.csproj", "{E5C6DE4C-F1A2-2D36-ABD1-E6A8FE4CAEBD}"
EndProject
Global
	GlobalSection(SolutionConfigurationPlatforms) = preSolution
		Debug|Any CPU = Debug|Any CPU
		Release|Any CPU = Release|Any CPU
	EndGlobalSection
	GlobalSection(ProjectConfigurationPlatforms) = postSolution
		{E3D260E0-B66A-B753-ACBE-C6FE9C70EF7D}.Debug|Any CPU.ActiveCfg = Debug|Any CPU
		{E3D260E0-B66A-B753-ACBE-C6FE9C70EF7D}.Debug|Any CPU.Build.0 = Debug|Any CPU
		{E3D260E0-B66A-B753-ACBE-C6FE9C70EF7D}.Release|Any CPU.ActiveCfg = Release|Any CPU
		{E3D260E0-B66A-B753-ACBE-C6FE9C70EF7D}.Release|Any CPU.Build.0 = Release|Any CPU
		{E5C6DE4C-F1A2-2D36-ABD1-E6A8FE4CAEBD}.Debug|Any CPU.ActiveCfg = Debug|Any CPU
		{E5C6DE4C-F1A2-2D36-ABD1-E6A8FE4CAEBD}.Debug|Any CPU.Build.0 = Debug|Any CPU
		{E5C6DE4C-F1A2-2D36-ABD1-E6A8FE4CAEBD}.Release|Any CPU.ActiveCfg = Release|Any CPU
		{E5C6DE4C-F1A2-2D36-ABD1-E6A8FE4CAEBD}.Release|Any CPU.Build.0 = Release|Any CPU
	EndGlobalSection
	GlobalSection(SolutionProperties) = preSolution
		HideSolutionNode = FALSE
	EndGlobalSection
	GlobalSection(ExtensibilityGlobals) = postSolution
		SolutionGuid = {2BB413FD-6E43-4E13-A056-BBE49153ABA1}
	EndGlobalSection
EndGlobal
